
Microsoft Visual Studio Solution File, Format Version 12.00
# Visual Studio Version 16
VisualStudioVersion = 16.0.32929.386
MinimumVisualStudioVersion = 10.0.40219.1
Project("{FAE04EC0-301F-11D3-BF4B-00C04F79EFBC}") = "Zadanie2", "Zadanie2\Zadanie2.csproj", "{FE744BD3-E2AF-436D-9047-1A51DAD2447B}"
EndProject
Global
	GlobalSection(SolutionConfigurationPlatforms) = preSolution
		Debug|Any CPU = Debug|Any CPU
		Release|Any CPU = Release|Any CPU
	EndGlobalSection
	GlobalSection(ProjectConfigurationPlatforms) = postSolution
		{FE744BD3-E2AF-436D-9047-1A51DAD2447B}.Debug|Any CPU.ActiveCfg = Debug|Any CPU
		{FE744BD3-E2AF-436D-9047-1A51DAD2447B}.Debug|Any CPU.Build.0 = Debug|Any CPU
		{FE744BD3-E2AF-436D-9047-1A51DAD2447B}.Release|Any CPU.ActiveCfg = Release|Any CPU
		{FE744BD3-E2AF-436D-9047-1A51DAD2447B}.Release|Any CPU.Build.0 = Release|Any CPU
	EndGlobalSection
	GlobalSection(SolutionProperties) = preSolution
		HideSolutionNode = FALSE
	EndGlobalSection
	GlobalSection(ExtensibilityGlobals) = postSolution
		SolutionGuid = {BF23F5B1-7690-4CE6-B483-133B4EE4FDE3}
	EndGlobalSection
EndGlobal
